
Microsoft Visual Studio Solution File, Format Version 12.00
# Visual Studio Version 17
VisualStudioVersion = 17.8.34330.188
MinimumVisualStudioVersion = 10.0.40219.1
Project("{9A19103F-16F7-4668-BE54-9A1E7A4F7556}") = "SquareTabletopRobotSimulatorApp", "SquareTabletopRobotSimulatorApp\SquareTabletopRobotSimulatorApp.csproj", "{B4E7C345-3CD9-47F6-B45C-74D1A7E34D91}"
EndProject
Project("{FAE04EC0-301F-11D3-BF4B-00C04F79EFBC}") = "SquareTabletopRobotSimulatorApp.Test", "SquareTabletopRobotSimulatorApp.Test\SquareTabletopRobotSimulatorApp.Test.csproj", "{486F3AEC-8C8B-4345-9FE2-E5CD970CFDF3}"
EndProject
Global
	GlobalSection(SolutionConfigurationPlatforms) = preSolution
		Debug|Any CPU = Debug|Any CPU
		Release|Any CPU = Release|Any CPU
	EndGlobalSection
	GlobalSection(ProjectConfigurationPlatforms) = postSolution
		{B4E7C345-3CD9-47F6-B45C-74D1A7E34D91}.Debug|Any CPU.ActiveCfg = Debug|Any CPU
		{B4E7C345-3CD9-47F6-B45C-74D1A7E34D91}.Debug|Any CPU.Build.0 = Debug|Any CPU
		{B4E7C345-3CD9-47F6-B45C-74D1A7E34D91}.Release|Any CPU.ActiveCfg = Release|Any CPU
		{B4E7C345-3CD9-47F6-B45C-74D1A7E34D91}.Release|Any CPU.Build.0 = Release|Any CPU
		{486F3AEC-8C8B-4345-9FE2-E5CD970CFDF3}.Debug|Any CPU.ActiveCfg = Debug|Any CPU
		{486F3AEC-8C8B-4345-9FE2-E5CD970CFDF3}.Debug|Any CPU.Build.0 = Debug|Any CPU
		{486F3AEC-8C8B-4345-9FE2-E5CD970CFDF3}.Release|Any CPU.ActiveCfg = Release|Any CPU
		{486F3AEC-8C8B-4345-9FE2-E5CD970CFDF3}.Release|Any CPU.Build.0 = Release|Any CPU
	EndGlobalSection
	GlobalSection(SolutionProperties) = preSolution
		HideSolutionNode = FALSE
	EndGlobalSection
	GlobalSection(ExtensibilityGlobals) = postSolution
		SolutionGuid = {2A5E69FF-EAEE-4650-B2D5-24403ACD4FDA}
	EndGlobalSection
EndGlobal
